
Microsoft Visual Studio Solution File, Format Version 12.00
# Visual Studio 15
VisualStudioVersion = 15.0.28307.1000
MinimumVisualStudioVersion = 10.0.40219.1
Project("{FAE04EC0-301F-11D3-BF4B-00C04F79EFBC}") = "TeacherComputerRetrievalApp", "TeacherComputerRetrievalApp\TeacherComputerRetrievalApp.csproj", "{48B7AD22-1457-412F-8417-F97D7C031727}"
EndProject
Project("{FAE04EC0-301F-11D3-BF4B-00C04F79EFBC}") = "TeacherComputerRetrieval.Tests", "TeacherComputerRetrieval.Tests\TeacherComputerRetrieval.Tests.csproj", "{1113A108-DEBC-4D0E-9534-71D0FE49802E}"
EndProject
Global
	GlobalSection(SolutionConfigurationPlatforms) = preSolution
		Debug|Any CPU = Debug|Any CPU
		Release|Any CPU = Release|Any CPU
	EndGlobalSection
	GlobalSection(ProjectConfigurationPlatforms) = postSolution
		{48B7AD22-1457-412F-8417-F97D7C031727}.Debug|Any CPU.ActiveCfg = Debug|Any CPU
		{48B7AD22-1457-412F-8417-F97D7C031727}.Debug|Any CPU.Build.0 = Debug|Any CPU
		{48B7AD22-1457-412F-8417-F97D7C031727}.Release|Any CPU.ActiveCfg = Release|Any CPU
		{48B7AD22-1457-412F-8417-F97D7C031727}.Release|Any CPU.Build.0 = Release|Any CPU
		{1113A108-DEBC-4D0E-9534-71D0FE49802E}.Debug|Any CPU.ActiveCfg = Debug|Any CPU
		{1113A108-DEBC-4D0E-9534-71D0FE49802E}.Debug|Any CPU.Build.0 = Debug|Any CPU
		{1113A108-DEBC-4D0E-9534-71D0FE49802E}.Release|Any CPU.ActiveCfg = Release|Any CPU
		{1113A108-DEBC-4D0E-9534-71D0FE49802E}.Release|Any CPU.Build.0 = Release|Any CPU
	EndGlobalSection
	GlobalSection(SolutionProperties) = preSolution
		HideSolutionNode = FALSE
	EndGlobalSection
	GlobalSection(ExtensibilityGlobals) = postSolution
		SolutionGuid = {A668AF51-9744-4327-BC33-98049956A721}
	EndGlobalSection
EndGlobal
